
Microsoft Visual Studio Solution File, Format Version 12.00
# Visual Studio Version 17
VisualStudioVersion = 17.10.34607.79
MinimumVisualStudioVersion = 10.0.40219.1
Project("{FAE04EC0-301F-11D3-BF4B-00C04F79EFBC}") = "ViennaDotNet.ApiServer", "ViennaDotNet.ApiServer\ViennaDotNet.ApiServer.csproj", "{8F141F93-780F-48B0-87A0-4C23E44262E0}"
EndProject
Project("{9A19103F-16F7-4668-BE54-9A1E7A4F7556}") = "ViennaDotNet.DB", "ViennaDotNet.DB\ViennaDotNet.DB.csproj", "{DEBF201A-5732-4643-A006-223100B0EE93}"
EndProject
Project("{9A19103F-16F7-4668-BE54-9A1E7A4F7556}") = "ViennaDotNet.Common", "ViennaDotNet.Common\ViennaDotNet.Common.csproj", "{06EE9F84-9B80-44FA-A4FC-D37919466F53}"
EndProject
Project("{FAE04EC0-301F-11D3-BF4B-00C04F79EFBC}") = "ViennaDotNet.TappablesGenerator", "ViennaDotNet.TappablesGenerator\ViennaDotNet.TappablesGenerator.csproj", "{BC475148-E8BF-4674-8844-213947699313}"
EndProject
Project("{FAE04EC0-301F-11D3-BF4B-00C04F79EFBC}") = "ViennaDotNet.EventBus.Server", "ViennaDotNet.EventBus.Server\ViennaDotNet.EventBus.Server.csproj", "{5C185CE6-6AA9-410F-A38E-4539696F512C}"
EndProject
Project("{FAE04EC0-301F-11D3-BF4B-00C04F79EFBC}") = "ViennaDotNet.EventBus.Client", "ViennaDotNet.EventBus.Client\ViennaDotNet.EventBus.Client.csproj", "{EB42AFA2-5851-4E0C-B706-FBEB3C329E16}"
EndProject
Project("{2150E333-8FDC-42A3-9474-1A3956D46DE8}") = "Solution Items", "Solution Items", "{854E103D-7A5F-48F7-A33A-360DA013E46E}"
	ProjectSection(SolutionItems) = preProject
		.editorconfig = .editorconfig
	EndProjectSection
EndProject
Global
	GlobalSection(SolutionConfigurationPlatforms) = preSolution
		Debug|Any CPU = Debug|Any CPU
		Release|Any CPU = Release|Any CPU
	EndGlobalSection
	GlobalSection(ProjectConfigurationPlatforms) = postSolution
		{8F141F93-780F-48B0-87A0-4C23E44262E0}.Debug|Any CPU.ActiveCfg = Debug|Any CPU
		{8F141F93-780F-48B0-87A0-4C23E44262E0}.Debug|Any CPU.Build.0 = Debug|Any CPU
		{8F141F93-780F-48B0-87A0-4C23E44262E0}.Release|Any CPU.ActiveCfg = Release|Any CPU
		{8F141F93-780F-48B0-87A0-4C23E44262E0}.Release|Any CPU.Build.0 = Release|Any CPU
		{DEBF201A-5732-4643-A006-223100B0EE93}.Debug|Any CPU.ActiveCfg = Debug|Any CPU
		{DEBF201A-5732-4643-A006-223100B0EE93}.Debug|Any CPU.Build.0 = Debug|Any CPU
		{DEBF201A-5732-4643-A006-223100B0EE93}.Release|Any CPU.ActiveCfg = Release|Any CPU
		{DEBF201A-5732-4643-A006-223100B0EE93}.Release|Any CPU.Build.0 = Release|Any CPU
		{06EE9F84-9B80-44FA-A4FC-D37919466F53}.Debug|Any CPU.ActiveCfg = Debug|Any CPU
		{06EE9F84-9B80-44FA-A4FC-D37919466F53}.Debug|Any CPU.Build.0 = Debug|Any CPU
		{06EE9F84-9B80-44FA-A4FC-D37919466F53}.Release|Any CPU.ActiveCfg = Release|Any CPU
		{06EE9F84-9B80-44FA-A4FC-D37919466F53}.Release|Any CPU.Build.0 = Release|Any CPU
		{BC475148-E8BF-4674-8844-213947699313}.Debug|Any CPU.ActiveCfg = Debug|Any CPU
		{BC475148-E8BF-4674-8844-213947699313}.Debug|Any CPU.Build.0 = Debug|Any CPU
		{BC475148-E8BF-4674-8844-213947699313}.Release|Any CPU.ActiveCfg = Release|Any CPU
		{BC475148-E8BF-4674-8844-213947699313}.Release|Any CPU.Build.0 = Release|Any CPU
		{5C185CE6-6AA9-410F-A38E-4539696F512C}.Debug|Any CPU.ActiveCfg = Debug|Any CPU
		{5C185CE6-6AA9-410F-A38E-4539696F512C}.Debug|Any CPU.Build.0 = Debug|Any CPU
		{5C185CE6-6AA9-410F-A38E-4539696F512C}.Release|Any CPU.ActiveCfg = Release|Any CPU
		{5C185CE6-6AA9-410F-A38E-4539696F512C}.Release|Any CPU.Build.0 = Release|Any CPU
		{EB42AFA2-5851-4E0C-B706-FBEB3C329E16}.Debug|Any CPU.ActiveCfg = Debug|Any CPU
		{EB42AFA2-5851-4E0C-B706-FBEB3C329E16}.Debug|Any CPU.Build.0 = Debug|Any CPU
		{EB42AFA2-5851-4E0C-B706-FBEB3C329E16}.Release|Any CPU.ActiveCfg = Release|Any CPU
		{EB42AFA2-5851-4E0C-B706-FBEB3C329E16}.Release|Any CPU.Build.0 = Release|Any CPU
	EndGlobalSection
	GlobalSection(SolutionProperties) = preSolution
		HideSolutionNode = FALSE
	EndGlobalSection
	GlobalSection(ExtensibilityGlobals) = postSolution
		SolutionGuid = {2D49E55E-055A-43D2-83DD-6BFC8EB28A29}
	EndGlobalSection
EndGlobal
